// !$*UTF8*$!
{
	archiveVersion = 1;
	classes = {
	};
	objectVersion = 56;
	objects = {

/* Begin PBXBuildFile section */
		7A02F8612C6141C9006A894B /* CustomDump in Frameworks */ = {isa = PBXBuildFile; productRef = 7A02F8602C6141C9006A894B /* CustomDump */; };
		7A02F8BD2C743A62006A894B /* Subject.swift in Sources */ = {isa = PBXBuildFile; fileRef = 7A02F8BC2C743A62006A894B /* Subject.swift */; };
		7A02F8BF2C8A8472006A894B /* ProjectSettings.swift in Sources */ = {isa = PBXBuildFile; fileRef = 7A02F8BE2C8A8472006A894B /* ProjectSettings.swift */; };
		7A0690CA2CC0340F00745674 /* HighLowSlider.swift in Sources */ = {isa = PBXBuildFile; fileRef = 7A0690C92CC0340F00745674 /* HighLowSlider.swift */; };
		7A0690CC2CD0322300745674 /* TrainingDataFile.swift in Sources */ = {isa = PBXBuildFile; fileRef = 7A0690CB2CD0322300745674 /* TrainingDataFile.swift */; };
		7A0A08CA2CD9FE2D001FC1DA /* NewSubjectView.swift in Sources */ = {isa = PBXBuildFile; fileRef = 7A0A08C92CD9FE19001FC1DA /* NewSubjectView.swift */; };
		7A0A08DC2CE559C7001FC1DA /* Annotation.swift in Sources */ = {isa = PBXBuildFile; fileRef = 7A0A08D82CE559C7001FC1DA /* Annotation.swift */; };
		7A0A08DD2CE559C7001FC1DA /* CollageBlueprint.swift in Sources */ = {isa = PBXBuildFile; fileRef = 7A0A08D92CE559C7001FC1DA /* CollageBlueprint.swift */; };
		7A0A08DE2CE559C7001FC1DA /* Modification.swift in Sources */ = {isa = PBXBuildFile; fileRef = 7A0A08DA2CE559C7001FC1DA /* Modification.swift */; };
		7A0A08DF2CE559C7001FC1DA /* OutputModel.swift in Sources */ = {isa = PBXBuildFile; fileRef = 7A0A08DB2CE559C7001FC1DA /* OutputModel.swift */; };
		7A4FB6962CB06BED0058B6BC /* UIImage+CIImage.swift in Sources */ = {isa = PBXBuildFile; fileRef = 7A4FB6952CB06BED0058B6BC /* UIImage+CIImage.swift */; };
		7A528B5B2CA4C11500A30DB0 /* AllSubjectsView.swift in Sources */ = {isa = PBXBuildFile; fileRef = 7A528B5A2CA4C11500A30DB0 /* AllSubjectsView.swift */; };
		7A528B5D2CA4C12700A30DB0 /* SettingsView.swift in Sources */ = {isa = PBXBuildFile; fileRef = 7A528B5C2CA4C12700A30DB0 /* SettingsView.swift */; };
		7A528B5F2CA4C13D00A30DB0 /* OutputsView.swift in Sources */ = {isa = PBXBuildFile; fileRef = 7A528B5E2CA4C13D00A30DB0 /* OutputsView.swift */; };
		7A528B642CAF518900A30DB0 /* SubjectView.swift in Sources */ = {isa = PBXBuildFile; fileRef = 7A528B632CAF518900A30DB0 /* SubjectView.swift */; };
		7A53E0B02CD2BD530094CEAE /* InputModel.swift in Sources */ = {isa = PBXBuildFile; fileRef = 7A53E0AF2CD2BD530094CEAE /* InputModel.swift */; };
		7A53E0B22CD6E8050094CEAE /* MLCImage.swift in Sources */ = {isa = PBXBuildFile; fileRef = 7A53E0B12CD6E7EE0094CEAE /* MLCImage.swift */; };
		7A8E353B2C585E8800B386EF /* MLCollageApp.swift in Sources */ = {isa = PBXBuildFile; fileRef = 7A8E353A2C585E8800B386EF /* MLCollageApp.swift */; };
		7A8E35412C585E8A00B386EF /* Assets.xcassets in Resources */ = {isa = PBXBuildFile; fileRef = 7A8E35402C585E8A00B386EF /* Assets.xcassets */; };
		7A8E35462C585E8A00B386EF /* Preview Assets.xcassets in Resources */ = {isa = PBXBuildFile; fileRef = 7A8E35452C585E8A00B386EF /* Preview Assets.xcassets */; };
		7A8E35702C5860D200B386EF /* Collage.swift in Sources */ = {isa = PBXBuildFile; fileRef = 7A8E35682C5860D200B386EF /* Collage.swift */; };
		7A8E35722C5860D200B386EF /* CreateMLFormat.swift in Sources */ = {isa = PBXBuildFile; fileRef = 7A8E356A2C5860D200B386EF /* CreateMLFormat.swift */; };
		7A8E35732C5860D200B386EF /* ContentView.swift in Sources */ = {isa = PBXBuildFile; fileRef = 7A8E356C2C5860D200B386EF /* ContentView.swift */; };
		7AEA2EB22C586597001C6F89 /* InlineSnapshotTesting in Frameworks */ = {isa = PBXBuildFile; productRef = 7AEA2EB12C586597001C6F89 /* InlineSnapshotTesting */; };
		7AEA2EB42C586597001C6F89 /* SnapshotTesting in Frameworks */ = {isa = PBXBuildFile; productRef = 7AEA2EB32C586597001C6F89 /* SnapshotTesting */; };
		7AEA2EB62C5A9F2F001C6F89 /* Project.swift in Sources */ = {isa = PBXBuildFile; fileRef = 7AEA2EB52C5A9F2F001C6F89 /* Project.swift */; };
		7AEA2EB82C5AA59D001C6F89 /* CollageCreatorTests.swift in Sources */ = {isa = PBXBuildFile; fileRef = 7AEA2EB72C5AA59D001C6F89 /* CollageCreatorTests.swift */; };
/* End PBXBuildFile section */

/* Begin PBXContainerItemProxy section */
		7A8E354C2C585E8A00B386EF /* PBXContainerItemProxy */ = {
			isa = PBXContainerItemProxy;
			containerPortal = 7A8E352F2C585E8800B386EF /* Project object */;
			proxyType = 1;
			remoteGlobalIDString = 7A8E35362C585E8800B386EF;
			remoteInfo = MLCollage;
		};
/* End PBXContainerItemProxy section */

/* Begin PBXFileReference section */
		7A02F8BC2C743A62006A894B /* Subject.swift */ = {isa = PBXFileReference; lastKnownFileType = sourcecode.swift; path = Subject.swift; sourceTree = "<group>"; };
		7A02F8BE2C8A8472006A894B /* ProjectSettings.swift */ = {isa = PBXFileReference; lastKnownFileType = sourcecode.swift; path = ProjectSettings.swift; sourceTree = "<group>"; };
		7A0690C92CC0340F00745674 /* HighLowSlider.swift */ = {isa = PBXFileReference; lastKnownFileType = sourcecode.swift; path = HighLowSlider.swift; sourceTree = "<group>"; };
		7A0690CB2CD0322300745674 /* TrainingDataFile.swift */ = {isa = PBXFileReference; lastKnownFileType = sourcecode.swift; path = TrainingDataFile.swift; sourceTree = "<group>"; };
		7A0A08C92CD9FE19001FC1DA /* NewSubjectView.swift */ = {isa = PBXFileReference; lastKnownFileType = sourcecode.swift; path = NewSubjectView.swift; sourceTree = "<group>"; };
		7A0A08D82CE559C7001FC1DA /* Annotation.swift */ = {isa = PBXFileReference; lastKnownFileType = sourcecode.swift; path = Annotation.swift; sourceTree = "<group>"; };
		7A0A08D92CE559C7001FC1DA /* CollageBlueprint.swift */ = {isa = PBXFileReference; lastKnownFileType = sourcecode.swift; path = CollageBlueprint.swift; sourceTree = "<group>"; };
		7A0A08DA2CE559C7001FC1DA /* Modification.swift */ = {isa = PBXFileReference; lastKnownFileType = sourcecode.swift; path = Modification.swift; sourceTree = "<group>"; };
		7A0A08DB2CE559C7001FC1DA /* OutputModel.swift */ = {isa = PBXFileReference; lastKnownFileType = sourcecode.swift; path = OutputModel.swift; sourceTree = "<group>"; };
		7A4FB6952CB06BED0058B6BC /* UIImage+CIImage.swift */ = {isa = PBXFileReference; lastKnownFileType = sourcecode.swift; path = "UIImage+CIImage.swift"; sourceTree = "<group>"; };
		7A528B5A2CA4C11500A30DB0 /* AllSubjectsView.swift */ = {isa = PBXFileReference; lastKnownFileType = sourcecode.swift; path = AllSubjectsView.swift; sourceTree = "<group>"; };
		7A528B5C2CA4C12700A30DB0 /* SettingsView.swift */ = {isa = PBXFileReference; lastKnownFileType = sourcecode.swift; path = SettingsView.swift; sourceTree = "<group>"; };
		7A528B5E2CA4C13D00A30DB0 /* OutputsView.swift */ = {isa = PBXFileReference; lastKnownFileType = sourcecode.swift; path = OutputsView.swift; sourceTree = "<group>"; };
		7A528B632CAF518900A30DB0 /* SubjectView.swift */ = {isa = PBXFileReference; lastKnownFileType = sourcecode.swift; path = SubjectView.swift; sourceTree = "<group>"; };
		7A53E0AF2CD2BD530094CEAE /* InputModel.swift */ = {isa = PBXFileReference; lastKnownFileType = sourcecode.swift; path = InputModel.swift; sourceTree = "<group>"; };
		7A53E0B12CD6E7EE0094CEAE /* MLCImage.swift */ = {isa = PBXFileReference; lastKnownFileType = sourcecode.swift; path = MLCImage.swift; sourceTree = "<group>"; };
		7A8E35372C585E8800B386EF /* MLCollage.app */ = {isa = PBXFileReference; explicitFileType = wrapper.application; includeInIndex = 0; path = MLCollage.app; sourceTree = BUILT_PRODUCTS_DIR; };
		7A8E353A2C585E8800B386EF /* MLCollageApp.swift */ = {isa = PBXFileReference; lastKnownFileType = sourcecode.swift; path = MLCollageApp.swift; sourceTree = "<group>"; };
		7A8E35402C585E8A00B386EF /* Assets.xcassets */ = {isa = PBXFileReference; lastKnownFileType = folder.assetcatalog; path = Assets.xcassets; sourceTree = "<group>"; };
		7A8E35422C585E8A00B386EF /* Info.plist */ = {isa = PBXFileReference; lastKnownFileType = text.plist.xml; path = Info.plist; sourceTree = "<group>"; };
		7A8E35432C585E8A00B386EF /* MLCollage.entitlements */ = {isa = PBXFileReference; lastKnownFileType = text.plist.entitlements; path = MLCollage.entitlements; sourceTree = "<group>"; };
		7A8E35452C585E8A00B386EF /* Preview Assets.xcassets */ = {isa = PBXFileReference; lastKnownFileType = folder.assetcatalog; path = "Preview Assets.xcassets"; sourceTree = "<group>"; };
		7A8E354B2C585E8A00B386EF /* MLCollageTests.xctest */ = {isa = PBXFileReference; explicitFileType = wrapper.cfbundle; includeInIndex = 0; path = MLCollageTests.xctest; sourceTree = BUILT_PRODUCTS_DIR; };
		7A8E35682C5860D200B386EF /* Collage.swift */ = {isa = PBXFileReference; fileEncoding = 4; lastKnownFileType = sourcecode.swift; path = Collage.swift; sourceTree = "<group>"; };
		7A8E356A2C5860D200B386EF /* CreateMLFormat.swift */ = {isa = PBXFileReference; fileEncoding = 4; lastKnownFileType = sourcecode.swift; path = CreateMLFormat.swift; sourceTree = "<group>"; };
		7A8E356C2C5860D200B386EF /* ContentView.swift */ = {isa = PBXFileReference; fileEncoding = 4; lastKnownFileType = sourcecode.swift; path = ContentView.swift; sourceTree = "<group>"; };
		7AEA2EB52C5A9F2F001C6F89 /* Project.swift */ = {isa = PBXFileReference; lastKnownFileType = sourcecode.swift; path = Project.swift; sourceTree = "<group>"; };
		7AEA2EB72C5AA59D001C6F89 /* CollageCreatorTests.swift */ = {isa = PBXFileReference; lastKnownFileType = sourcecode.swift; path = CollageCreatorTests.swift; sourceTree = "<group>"; };
/* End PBXFileReference section */

/* Begin PBXFrameworksBuildPhase section */
		7A8E35342C585E8800B386EF /* Frameworks */ = {
			isa = PBXFrameworksBuildPhase;
			buildActionMask = 2147483647;
			files = (
			);
			runOnlyForDeploymentPostprocessing = 0;
		};
		7A8E35482C585E8A00B386EF /* Frameworks */ = {
			isa = PBXFrameworksBuildPhase;
			buildActionMask = 2147483647;
			files = (
				7AEA2EB22C586597001C6F89 /* InlineSnapshotTesting in Frameworks */,
				7A02F8612C6141C9006A894B /* CustomDump in Frameworks */,
				7AEA2EB42C586597001C6F89 /* SnapshotTesting in Frameworks */,
			);
			runOnlyForDeploymentPostprocessing = 0;
		};
/* End PBXFrameworksBuildPhase section */

/* Begin PBXGroup section */
		7A528B602CAF50F700A30DB0 /* InputsViews */ = {
			isa = PBXGroup;
			children = (
				7A528B5A2CA4C11500A30DB0 /* AllSubjectsView.swift */,
				7A528B632CAF518900A30DB0 /* SubjectView.swift */,
				7A0A08C92CD9FE19001FC1DA /* NewSubjectView.swift */,
			);
			path = InputsViews;
			sourceTree = "<group>";
		};
		7A8E352E2C585E8800B386EF = {
			isa = PBXGroup;
			children = (
				7A8E35392C585E8800B386EF /* MLCollage */,
				7A8E354E2C585E8A00B386EF /* MLCollageTests */,
				7A8E35382C585E8800B386EF /* Products */,
			);
			sourceTree = "<group>";
		};
		7A8E35382C585E8800B386EF /* Products */ = {
			isa = PBXGroup;
			children = (
				7A8E35372C585E8800B386EF /* MLCollage.app */,
				7A8E354B2C585E8A00B386EF /* MLCollageTests.xctest */,
			);
			name = Products;
			sourceTree = "<group>";
		};
		7A8E35392C585E8800B386EF /* MLCollage */ = {
			isa = PBXGroup;
			children = (
				7A8E353A2C585E8800B386EF /* MLCollageApp.swift */,
				7A8E356B2C5860D200B386EF /* Models */,
				7A8E356F2C5860D200B386EF /* Views */,
				7A8E35402C585E8A00B386EF /* Assets.xcassets */,
				7A8E35422C585E8A00B386EF /* Info.plist */,
				7A8E35432C585E8A00B386EF /* MLCollage.entitlements */,
				7A8E35442C585E8A00B386EF /* Preview Content */,
			);
			path = MLCollage;
			sourceTree = "<group>";
		};
		7A8E35442C585E8A00B386EF /* Preview Content */ = {
			isa = PBXGroup;
			children = (
				7A8E35452C585E8A00B386EF /* Preview Assets.xcassets */,
			);
			path = "Preview Content";
			sourceTree = "<group>";
		};
		7A8E354E2C585E8A00B386EF /* MLCollageTests */ = {
			isa = PBXGroup;
			children = (
				7AEA2EB72C5AA59D001C6F89 /* CollageCreatorTests.swift */,
			);
			path = MLCollageTests;
			sourceTree = "<group>";
		};
		7A8E356B2C5860D200B386EF /* Models */ = {
			isa = PBXGroup;
			children = (
				7A0A08D82CE559C7001FC1DA /* Annotation.swift */,
				7A0A08D92CE559C7001FC1DA /* CollageBlueprint.swift */,
				7A0A08DA2CE559C7001FC1DA /* Modification.swift */,
				7A0A08DB2CE559C7001FC1DA /* OutputModel.swift */,
				7A53E0B12CD6E7EE0094CEAE /* MLCImage.swift */,
				7A0690CB2CD0322300745674 /* TrainingDataFile.swift */,
				7A4FB6952CB06BED0058B6BC /* UIImage+CIImage.swift */,
				7AEA2EB52C5A9F2F001C6F89 /* Project.swift */,
				7A8E35682C5860D200B386EF /* Collage.swift */,
				7A8E356A2C5860D200B386EF /* CreateMLFormat.swift */,
				7A02F8BC2C743A62006A894B /* Subject.swift */,
				7A02F8BE2C8A8472006A894B /* ProjectSettings.swift */,
				7A53E0AF2CD2BD530094CEAE /* InputModel.swift */,
			);
			path = Models;
			sourceTree = "<group>";
		};
		7A8E356F2C5860D200B386EF /* Views */ = {
			isa = PBXGroup;
			children = (
				7A8E356C2C5860D200B386EF /* ContentView.swift */,
				7A528B602CAF50F700A30DB0 /* InputsViews */,
				7A528B5C2CA4C12700A30DB0 /* SettingsView.swift */,
				7A528B5E2CA4C13D00A30DB0 /* OutputsView.swift */,
				7A0690C92CC0340F00745674 /* HighLowSlider.swift */,
			);
			path = Views;
			sourceTree = "<group>";
		};
/* End PBXGroup section */

/* Begin PBXNativeTarget section */
		7A8E35362C585E8800B386EF /* MLCollage */ = {
			isa = PBXNativeTarget;
			buildConfigurationList = 7A8E355F2C585E8A00B386EF /* Build configuration list for PBXNativeTarget "MLCollage" */;
			buildPhases = (
				7A8E35332C585E8800B386EF /* Sources */,
				7A8E35342C585E8800B386EF /* Frameworks */,
				7A8E35352C585E8800B386EF /* Resources */,
			);
			buildRules = (
			);
			dependencies = (
			);
			name = MLCollage;
			productName = MLCollage;
			productReference = 7A8E35372C585E8800B386EF /* MLCollage.app */;
			productType = "com.apple.product-type.application";
		};
		7A8E354A2C585E8A00B386EF /* MLCollageTests */ = {
			isa = PBXNativeTarget;
			buildConfigurationList = 7A8E35622C585E8A00B386EF /* Build configuration list for PBXNativeTarget "MLCollageTests" */;
			buildPhases = (
				7A8E35472C585E8A00B386EF /* Sources */,
				7A8E35482C585E8A00B386EF /* Frameworks */,
				7A8E35492C585E8A00B386EF /* Resources */,
			);
			buildRules = (
			);
			dependencies = (
				7A8E354D2C585E8A00B386EF /* PBXTargetDependency */,
			);
			name = MLCollageTests;
			packageProductDependencies = (
				7AEA2EB12C586597001C6F89 /* InlineSnapshotTesting */,
				7AEA2EB32C586597001C6F89 /* SnapshotTesting */,
				7A02F8602C6141C9006A894B /* CustomDump */,
			);
			productName = MLCollageTests;
			productReference = 7A8E354B2C585E8A00B386EF /* MLCollageTests.xctest */;
			productType = "com.apple.product-type.bundle.unit-test";
		};
/* End PBXNativeTarget section */

/* Begin PBXProject section */
		7A8E352F2C585E8800B386EF /* Project object */ = {
			isa = PBXProject;
			attributes = {
				BuildIndependentTargetsInParallel = 1;
				LastSwiftUpdateCheck = 1540;
				LastUpgradeCheck = 1540;
				TargetAttributes = {
					7A8E35362C585E8800B386EF = {
						CreatedOnToolsVersion = 15.4;
					};
					7A8E354A2C585E8A00B386EF = {
						CreatedOnToolsVersion = 15.4;
						TestTargetID = 7A8E35362C585E8800B386EF;
					};
				};
			};
			buildConfigurationList = 7A8E35322C585E8800B386EF /* Build configuration list for PBXProject "MLCollage" */;
			compatibilityVersion = "Xcode 14.0";
			developmentRegion = en;
			hasScannedForEncodings = 0;
			knownRegions = (
				en,
				Base,
			);
			mainGroup = 7A8E352E2C585E8800B386EF;
			packageReferences = (
				7AEA2EB02C586597001C6F89 /* XCRemoteSwiftPackageReference "swift-snapshot-testing" */,
				7A02F85F2C6141C9006A894B /* XCRemoteSwiftPackageReference "swift-custom-dump" */,
			);
			productRefGroup = 7A8E35382C585E8800B386EF /* Products */;
			projectDirPath = "";
			projectRoot = "";
			targets = (
				7A8E35362C585E8800B386EF /* MLCollage */,
				7A8E354A2C585E8A00B386EF /* MLCollageTests */,
			);
		};
/* End PBXProject section */

/* Begin PBXResourcesBuildPhase section */
		7A8E35352C585E8800B386EF /* Resources */ = {
			isa = PBXResourcesBuildPhase;
			buildActionMask = 2147483647;
			files = (
				7A8E35462C585E8A00B386EF /* Preview Assets.xcassets in Resources */,
				7A8E35412C585E8A00B386EF /* Assets.xcassets in Resources */,
			);
			runOnlyForDeploymentPostprocessing = 0;
		};
		7A8E35492C585E8A00B386EF /* Resources */ = {
			isa = PBXResourcesBuildPhase;
			buildActionMask = 2147483647;
			files = (
			);
			runOnlyForDeploymentPostprocessing = 0;
		};
/* End PBXResourcesBuildPhase section */

/* Begin PBXSourcesBuildPhase section */
		7A8E35332C585E8800B386EF /* Sources */ = {
			isa = PBXSourcesBuildPhase;
			buildActionMask = 2147483647;
			files = (
				7AEA2EB62C5A9F2F001C6F89 /* Project.swift in Sources */,
				7A0A08CA2CD9FE2D001FC1DA /* NewSubjectView.swift in Sources */,
				7A4FB6962CB06BED0058B6BC /* UIImage+CIImage.swift in Sources */,
				7A528B5F2CA4C13D00A30DB0 /* OutputsView.swift in Sources */,
				7A528B5B2CA4C11500A30DB0 /* AllSubjectsView.swift in Sources */,
				7A8E35702C5860D200B386EF /* Collage.swift in Sources */,
				7A528B5D2CA4C12700A30DB0 /* SettingsView.swift in Sources */,
				7A53E0B02CD2BD530094CEAE /* InputModel.swift in Sources */,
				7A0690CA2CC0340F00745674 /* HighLowSlider.swift in Sources */,
				7A53E0B22CD6E8050094CEAE /* MLCImage.swift in Sources */,
				7A8E35732C5860D200B386EF /* ContentView.swift in Sources */,
				7A8E35722C5860D200B386EF /* CreateMLFormat.swift in Sources */,
				7A02F8BF2C8A8472006A894B /* ProjectSettings.swift in Sources */,
				7A528B642CAF518900A30DB0 /* SubjectView.swift in Sources */,
				7A0690CC2CD0322300745674 /* TrainingDataFile.swift in Sources */,
				7A02F8BD2C743A62006A894B /* Subject.swift in Sources */,
				7A8E353B2C585E8800B386EF /* MLCollageApp.swift in Sources */,
				7A0A08DC2CE559C7001FC1DA /* Annotation.swift in Sources */,
				7A0A08DD2CE559C7001FC1DA /* CollageBlueprint.swift in Sources */,
				7A0A08DE2CE559C7001FC1DA /* Modification.swift in Sources */,
				7A0A08DF2CE559C7001FC1DA /* OutputModel.swift in Sources */,
			);
			runOnlyForDeploymentPostprocessing = 0;
		};
		7A8E35472C585E8A00B386EF /* Sources */ = {
			isa = PBXSourcesBuildPhase;
			buildActionMask = 2147483647;
			files = (
				7AEA2EB82C5AA59D001C6F89 /* CollageCreatorTests.swift in Sources */,
			);
			runOnlyForDeploymentPostprocessing = 0;
		};
/* End PBXSourcesBuildPhase section */

/* Begin PBXTargetDependency section */
		7A8E354D2C585E8A00B386EF /* PBXTargetDependency */ = {
			isa = PBXTargetDependency;
			target = 7A8E35362C585E8800B386EF /* MLCollage */;
			targetProxy = 7A8E354C2C585E8A00B386EF /* PBXContainerItemProxy */;
		};
/* End PBXTargetDependency section */

/* Begin XCBuildConfiguration section */
		7A8E355D2C585E8A00B386EF /* Debug */ = {
			isa = XCBuildConfiguration;
			buildSettings = {
				ALWAYS_SEARCH_USER_PATHS = NO;
				ASSETCATALOG_COMPILER_GENERATE_SWIFT_ASSET_SYMBOL_EXTENSIONS = YES;
				CLANG_ANALYZER_NONNULL = YES;
				CLANG_ANALYZER_NUMBER_OBJECT_CONVERSION = YES_AGGRESSIVE;
				CLANG_CXX_LANGUAGE_STANDARD = "gnu++20";
				CLANG_ENABLE_MODULES = YES;
				CLANG_ENABLE_OBJC_ARC = YES;
				CLANG_ENABLE_OBJC_WEAK = YES;
				CLANG_WARN_BLOCK_CAPTURE_AUTORELEASING = YES;
				CLANG_WARN_BOOL_CONVERSION = YES;
				CLANG_WARN_COMMA = YES;
				CLANG_WARN_CONSTANT_CONVERSION = YES;
				CLANG_WARN_DEPRECATED_OBJC_IMPLEMENTATIONS = YES;
				CLANG_WARN_DIRECT_OBJC_ISA_USAGE = YES_ERROR;
				CLANG_WARN_DOCUMENTATION_COMMENTS = YES;
				CLANG_WARN_EMPTY_BODY = YES;
				CLANG_WARN_ENUM_CONVERSION = YES;
				CLANG_WARN_INFINITE_RECURSION = YES;
				CLANG_WARN_INT_CONVERSION = YES;
				CLANG_WARN_NON_LITERAL_NULL_CONVERSION = YES;
				CLANG_WARN_OBJC_IMPLICIT_RETAIN_SELF = YES;
				CLANG_WARN_OBJC_LITERAL_CONVERSION = YES;
				CLANG_WARN_OBJC_ROOT_CLASS = YES_ERROR;
				CLANG_WARN_QUOTED_INCLUDE_IN_FRAMEWORK_HEADER = YES;
				CLANG_WARN_RANGE_LOOP_ANALYSIS = YES;
				CLANG_WARN_STRICT_PROTOTYPES = YES;
				CLANG_WARN_SUSPICIOUS_MOVE = YES;
				CLANG_WARN_UNGUARDED_AVAILABILITY = YES_AGGRESSIVE;
				CLANG_WARN_UNREACHABLE_CODE = YES;
				CLANG_WARN__DUPLICATE_METHOD_MATCH = YES;
				COPY_PHASE_STRIP = NO;
				DEBUG_INFORMATION_FORMAT = dwarf;
				ENABLE_STRICT_OBJC_MSGSEND = YES;
				ENABLE_TESTABILITY = YES;
				ENABLE_USER_SCRIPT_SANDBOXING = YES;
				GCC_C_LANGUAGE_STANDARD = gnu17;
				GCC_DYNAMIC_NO_PIC = NO;
				GCC_NO_COMMON_BLOCKS = YES;
				GCC_OPTIMIZATION_LEVEL = 0;
				GCC_PREPROCESSOR_DEFINITIONS = (
					"DEBUG=1",
					"$(inherited)",
				);
				GCC_WARN_64_TO_32_BIT_CONVERSION = YES;
				GCC_WARN_ABOUT_RETURN_TYPE = YES_ERROR;
				GCC_WARN_UNDECLARED_SELECTOR = YES;
				GCC_WARN_UNINITIALIZED_AUTOS = YES_AGGRESSIVE;
				GCC_WARN_UNUSED_FUNCTION = YES;
				GCC_WARN_UNUSED_VARIABLE = YES;
				LOCALIZATION_PREFERS_STRING_CATALOGS = YES;
				MTL_ENABLE_DEBUG_INFO = INCLUDE_SOURCE;
				MTL_FAST_MATH = YES;
				ONLY_ACTIVE_ARCH = YES;
				SWIFT_ACTIVE_COMPILATION_CONDITIONS = "DEBUG $(inherited)";
				SWIFT_OPTIMIZATION_LEVEL = "-Onone";
			};
			name = Debug;
		};
		7A8E355E2C585E8A00B386EF /* Release */ = {
			isa = XCBuildConfiguration;
			buildSettings = {
				ALWAYS_SEARCH_USER_PATHS = NO;
				ASSETCATALOG_COMPILER_GENERATE_SWIFT_ASSET_SYMBOL_EXTENSIONS = YES;
				CLANG_ANALYZER_NONNULL = YES;
				CLANG_ANALYZER_NUMBER_OBJECT_CONVERSION = YES_AGGRESSIVE;
				CLANG_CXX_LANGUAGE_STANDARD = "gnu++20";
				CLANG_ENABLE_MODULES = YES;
				CLANG_ENABLE_OBJC_ARC = YES;
				CLANG_ENABLE_OBJC_WEAK = YES;
				CLANG_WARN_BLOCK_CAPTURE_AUTORELEASING = YES;
				CLANG_WARN_BOOL_CONVERSION = YES;
				CLANG_WARN_COMMA = YES;
				CLANG_WARN_CONSTANT_CONVERSION = YES;
				CLANG_WARN_DEPRECATED_OBJC_IMPLEMENTATIONS = YES;
				CLANG_WARN_DIRECT_OBJC_ISA_USAGE = YES_ERROR;
				CLANG_WARN_DOCUMENTATION_COMMENTS = YES;
				CLANG_WARN_EMPTY_BODY = YES;
				CLANG_WARN_ENUM_CONVERSION = YES;
				CLANG_WARN_INFINITE_RECURSION = YES;
				CLANG_WARN_INT_CONVERSION = YES;
				CLANG_WARN_NON_LITERAL_NULL_CONVERSION = YES;
				CLANG_WARN_OBJC_IMPLICIT_RETAIN_SELF = YES;
				CLANG_WARN_OBJC_LITERAL_CONVERSION = YES;
				CLANG_WARN_OBJC_ROOT_CLASS = YES_ERROR;
				CLANG_WARN_QUOTED_INCLUDE_IN_FRAMEWORK_HEADER = YES;
				CLANG_WARN_RANGE_LOOP_ANALYSIS = YES;
				CLANG_WARN_STRICT_PROTOTYPES = YES;
				CLANG_WARN_SUSPICIOUS_MOVE = YES;
				CLANG_WARN_UNGUARDED_AVAILABILITY = YES_AGGRESSIVE;
				CLANG_WARN_UNREACHABLE_CODE = YES;
				CLANG_WARN__DUPLICATE_METHOD_MATCH = YES;
				COPY_PHASE_STRIP = NO;
				DEBUG_INFORMATION_FORMAT = "dwarf-with-dsym";
				ENABLE_NS_ASSERTIONS = NO;
				ENABLE_STRICT_OBJC_MSGSEND = YES;
				ENABLE_USER_SCRIPT_SANDBOXING = YES;
				GCC_C_LANGUAGE_STANDARD = gnu17;
				GCC_NO_COMMON_BLOCKS = YES;
				GCC_WARN_64_TO_32_BIT_CONVERSION = YES;
				GCC_WARN_ABOUT_RETURN_TYPE = YES_ERROR;
				GCC_WARN_UNDECLARED_SELECTOR = YES;
				GCC_WARN_UNINITIALIZED_AUTOS = YES_AGGRESSIVE;
				GCC_WARN_UNUSED_FUNCTION = YES;
				GCC_WARN_UNUSED_VARIABLE = YES;
				LOCALIZATION_PREFERS_STRING_CATALOGS = YES;
				MTL_ENABLE_DEBUG_INFO = NO;
				MTL_FAST_MATH = YES;
				SWIFT_COMPILATION_MODE = wholemodule;
			};
			name = Release;
		};
		7A8E35602C585E8A00B386EF /* Debug */ = {
			isa = XCBuildConfiguration;
			buildSettings = {
				ASSETCATALOG_COMPILER_APPICON_NAME = AppIcon;
				ASSETCATALOG_COMPILER_GLOBAL_ACCENT_COLOR_NAME = AccentColor;
				CODE_SIGN_ENTITLEMENTS = MLCollage/MLCollage.entitlements;
				CODE_SIGN_STYLE = Automatic;
				CURRENT_PROJECT_VERSION = 1;
				DEVELOPMENT_ASSET_PATHS = "\"MLCollage/Preview Content\"";
				DEVELOPMENT_TEAM = 2DDP9BK6TP;
				ENABLE_HARDENED_RUNTIME = YES;
				ENABLE_PREVIEWS = YES;
				GENERATE_INFOPLIST_FILE = YES;
				INFOPLIST_FILE = MLCollage/Info.plist;
				"INFOPLIST_KEY_UIApplicationSceneManifest_Generation[sdk=iphoneos*]" = YES;
				"INFOPLIST_KEY_UIApplicationSceneManifest_Generation[sdk=iphonesimulator*]" = YES;
				"INFOPLIST_KEY_UIApplicationSupportsIndirectInputEvents[sdk=iphoneos*]" = YES;
				"INFOPLIST_KEY_UIApplicationSupportsIndirectInputEvents[sdk=iphonesimulator*]" = YES;
				"INFOPLIST_KEY_UILaunchScreen_Generation[sdk=iphoneos*]" = YES;
				"INFOPLIST_KEY_UILaunchScreen_Generation[sdk=iphonesimulator*]" = YES;
				"INFOPLIST_KEY_UIStatusBarStyle[sdk=iphoneos*]" = UIStatusBarStyleDefault;
				"INFOPLIST_KEY_UIStatusBarStyle[sdk=iphonesimulator*]" = UIStatusBarStyleDefault;
				INFOPLIST_KEY_UISupportedInterfaceOrientations_iPad = "UIInterfaceOrientationPortrait UIInterfaceOrientationPortraitUpsideDown UIInterfaceOrientationLandscapeLeft UIInterfaceOrientationLandscapeRight";
				INFOPLIST_KEY_UISupportedInterfaceOrientations_iPhone = "UIInterfaceOrientationPortrait UIInterfaceOrientationLandscapeLeft UIInterfaceOrientationLandscapeRight";
				"INFOPLIST_KEY_UISupportsDocumentBrowser[sdk=iphoneos*]" = YES;
				"INFOPLIST_KEY_UISupportsDocumentBrowser[sdk=iphonesimulator*]" = YES;
				IPHONEOS_DEPLOYMENT_TARGET = 18.0;
				LD_RUNPATH_SEARCH_PATHS = "@executable_path/Frameworks";
				"LD_RUNPATH_SEARCH_PATHS[sdk=macosx*]" = "@executable_path/../Frameworks";
				MACOSX_DEPLOYMENT_TARGET = 14.0;
				MARKETING_VERSION = 1.0;
				PRODUCT_BUNDLE_IDENTIFIER = "Robert-Bates.MLCollage";
				PRODUCT_NAME = "$(TARGET_NAME)";
				SDKROOT = auto;
				SUPPORTED_PLATFORMS = "iphoneos iphonesimulator macosx";
				SWIFT_EMIT_LOC_STRINGS = YES;
				SWIFT_VERSION = 5.0;
				TARGETED_DEVICE_FAMILY = "1,2";
			};
			name = Debug;
		};
		7A8E35612C585E8A00B386EF /* Release */ = {
			isa = XCBuildConfiguration;
			buildSettings = {
				ASSETCATALOG_COMPILER_APPICON_NAME = AppIcon;
				ASSETCATALOG_COMPILER_GLOBAL_ACCENT_COLOR_NAME = AccentColor;
				CODE_SIGN_ENTITLEMENTS = MLCollage/MLCollage.entitlements;
				CODE_SIGN_STYLE = Automatic;
				CURRENT_PROJECT_VERSION = 1;
				DEVELOPMENT_ASSET_PATHS = "\"MLCollage/Preview Content\"";
				DEVELOPMENT_TEAM = 2DDP9BK6TP;
				ENABLE_HARDENED_RUNTIME = YES;
				ENABLE_PREVIEWS = YES;
				GENERATE_INFOPLIST_FILE = YES;
				INFOPLIST_FILE = MLCollage/Info.plist;
				"INFOPLIST_KEY_UIApplicationSceneManifest_Generation[sdk=iphoneos*]" = YES;
				"INFOPLIST_KEY_UIApplicationSceneManifest_Generation[sdk=iphonesimulator*]" = YES;
				"INFOPLIST_KEY_UIApplicationSupportsIndirectInputEvents[sdk=iphoneos*]" = YES;
				"INFOPLIST_KEY_UIApplicationSupportsIndirectInputEvents[sdk=iphonesimulator*]" = YES;
				"INFOPLIST_KEY_UILaunchScreen_Generation[sdk=iphoneos*]" = YES;
				"INFOPLIST_KEY_UILaunchScreen_Generation[sdk=iphonesimulator*]" = YES;
				"INFOPLIST_KEY_UIStatusBarStyle[sdk=iphoneos*]" = UIStatusBarStyleDefault;
				"INFOPLIST_KEY_UIStatusBarStyle[sdk=iphonesimulator*]" = UIStatusBarStyleDefault;
				INFOPLIST_KEY_UISupportedInterfaceOrientations_iPad = "UIInterfaceOrientationPortrait UIInterfaceOrientationPortraitUpsideDown UIInterfaceOrientationLandscapeLeft UIInterfaceOrientationLandscapeRight";
				INFOPLIST_KEY_UISupportedInterfaceOrientations_iPhone = "UIInterfaceOrientationPortrait UIInterfaceOrientationLandscapeLeft UIInterfaceOrientationLandscapeRight";
				"INFOPLIST_KEY_UISupportsDocumentBrowser[sdk=iphoneos*]" = YES;
				"INFOPLIST_KEY_UISupportsDocumentBrowser[sdk=iphonesimulator*]" = YES;
				IPHONEOS_DEPLOYMENT_TARGET = 18.0;
				LD_RUNPATH_SEARCH_PATHS = "@executable_path/Frameworks";
				"LD_RUNPATH_SEARCH_PATHS[sdk=macosx*]" = "@executable_path/../Frameworks";
				MACOSX_DEPLOYMENT_TARGET = 14.0;
				MARKETING_VERSION = 1.0;
				PRODUCT_BUNDLE_IDENTIFIER = "Robert-Bates.MLCollage";
				PRODUCT_NAME = "$(TARGET_NAME)";
				SDKROOT = auto;
				SUPPORTED_PLATFORMS = "iphoneos iphonesimulator macosx";
				SWIFT_EMIT_LOC_STRINGS = YES;
				SWIFT_VERSION = 5.0;
				TARGETED_DEVICE_FAMILY = "1,2";
			};
			name = Release;
		};
		7A8E35632C585E8A00B386EF /* Debug */ = {
			isa = XCBuildConfiguration;
			buildSettings = {
				ALWAYS_EMBED_SWIFT_STANDARD_LIBRARIES = YES;
				BUNDLE_LOADER = "$(TEST_HOST)";
				CODE_SIGN_STYLE = Automatic;
				CURRENT_PROJECT_VERSION = 1;
				DEVELOPMENT_TEAM = 2DDP9BK6TP;
				GENERATE_INFOPLIST_FILE = YES;
				IPHONEOS_DEPLOYMENT_TARGET = 18.0;
				MACOSX_DEPLOYMENT_TARGET = 14.5;
				MARKETING_VERSION = 1.0;
				PRODUCT_BUNDLE_IDENTIFIER = "Robert-Bates.MLCollageTests";
				PRODUCT_NAME = "$(TARGET_NAME)";
				SDKROOT = auto;
				SUPPORTED_PLATFORMS = "iphoneos iphonesimulator macosx";
				SWIFT_EMIT_LOC_STRINGS = NO;
				SWIFT_VERSION = 5.0;
				TARGETED_DEVICE_FAMILY = "1,2";
				TEST_HOST = "$(BUILT_PRODUCTS_DIR)/MLCollage.app/$(BUNDLE_EXECUTABLE_FOLDER_PATH)/MLCollage";
			};
			name = Debug;
		};
		7A8E35642C585E8A00B386EF /* Release */ = {
			isa = XCBuildConfiguration;
			buildSettings = {
				ALWAYS_EMBED_SWIFT_STANDARD_LIBRARIES = YES;
				BUNDLE_LOADER = "$(TEST_HOST)";
				CODE_SIGN_STYLE = Automatic;
				CURRENT_PROJECT_VERSION = 1;
				DEVELOPMENT_TEAM = 2DDP9BK6TP;
				GENERATE_INFOPLIST_FILE = YES;
				IPHONEOS_DEPLOYMENT_TARGET = 18.0;
				MACOSX_DEPLOYMENT_TARGET = 14.5;
				MARKETING_VERSION = 1.0;
				PRODUCT_BUNDLE_IDENTIFIER = "Robert-Bates.MLCollageTests";
				PRODUCT_NAME = "$(TARGET_NAME)";
				SDKROOT = auto;
				SUPPORTED_PLATFORMS = "iphoneos iphonesimulator macosx";
				SWIFT_EMIT_LOC_STRINGS = NO;
				SWIFT_VERSION = 5.0;
				TARGETED_DEVICE_FAMILY = "1,2";
				TEST_HOST = "$(BUILT_PRODUCTS_DIR)/MLCollage.app/$(BUNDLE_EXECUTABLE_FOLDER_PATH)/MLCollage";
			};
			name = Release;
		};
/* End XCBuildConfiguration section */

/* Begin XCConfigurationList section */
		7A8E35322C585E8800B386EF /* Build configuration list for PBXProject "MLCollage" */ = {
			isa = XCConfigurationList;
			buildConfigurations = (
				7A8E355D2C585E8A00B386EF /* Debug */,
				7A8E355E2C585E8A00B386EF /* Release */,
			);
			defaultConfigurationIsVisible = 0;
			defaultConfigurationName = Release;
		};
		7A8E355F2C585E8A00B386EF /* Build configuration list for PBXNativeTarget "MLCollage" */ = {
			isa = XCConfigurationList;
			buildConfigurations = (
				7A8E35602C585E8A00B386EF /* Debug */,
				7A8E35612C585E8A00B386EF /* Release */,
			);
			defaultConfigurationIsVisible = 0;
			defaultConfigurationName = Release;
		};
		7A8E35622C585E8A00B386EF /* Build configuration list for PBXNativeTarget "MLCollageTests" */ = {
			isa = XCConfigurationList;
			buildConfigurations = (
				7A8E35632C585E8A00B386EF /* Debug */,
				7A8E35642C585E8A00B386EF /* Release */,
			);
			defaultConfigurationIsVisible = 0;
			defaultConfigurationName = Release;
		};
/* End XCConfigurationList section */

/* Begin XCRemoteSwiftPackageReference section */
		7A02F85F2C6141C9006A894B /* XCRemoteSwiftPackageReference "swift-custom-dump" */ = {
			isa = XCRemoteSwiftPackageReference;
			repositoryURL = "https://github.com/pointfreeco/swift-custom-dump.git";
			requirement = {
				kind = upToNextMajorVersion;
				minimumVersion = 1.3.3;
			};
		};
		7AEA2EB02C586597001C6F89 /* XCRemoteSwiftPackageReference "swift-snapshot-testing" */ = {
			isa = XCRemoteSwiftPackageReference;
			repositoryURL = "https://github.com/pointfreeco/swift-snapshot-testing";
			requirement = {
				kind = upToNextMajorVersion;
				minimumVersion = 1.17.2;
			};
		};
/* End XCRemoteSwiftPackageReference section */

/* Begin XCSwiftPackageProductDependency section */
		7A02F8602C6141C9006A894B /* CustomDump */ = {
			isa = XCSwiftPackageProductDependency;
			package = 7A02F85F2C6141C9006A894B /* XCRemoteSwiftPackageReference "swift-custom-dump" */;
			productName = CustomDump;
		};
		7AEA2EB12C586597001C6F89 /* InlineSnapshotTesting */ = {
			isa = XCSwiftPackageProductDependency;
			package = 7AEA2EB02C586597001C6F89 /* XCRemoteSwiftPackageReference "swift-snapshot-testing" */;
			productName = InlineSnapshotTesting;
		};
		7AEA2EB32C586597001C6F89 /* SnapshotTesting */ = {
			isa = XCSwiftPackageProductDependency;
			package = 7AEA2EB02C586597001C6F89 /* XCRemoteSwiftPackageReference "swift-snapshot-testing" */;
			productName = SnapshotTesting;
		};
/* End XCSwiftPackageProductDependency section */
	};
	rootObject = 7A8E352F2C585E8800B386EF /* Project object */;
}
